{
  "originHash" : "14d177da4bbada0bd0c6386aa391a17da0e1a8cd9ec0a78d1d62421788c79da3",
  "pins" : [
    {
      "identity" : "wwsigninwith3rd_apple",
      "kind" : "remoteSourceControl",
      "location" : "https://github.com/William-Weng/WWSignInWith3rd_Apple",
      "state" : {
        "revision" : "9b16dc058d663929e09caea9a04d8fb45ec4668d",
        "version" : "1.1.2"
      }
    }
  ],
  "version" : 3
}
