{
  "pins" : [
    {
      "identity" : "wwprint",
      "kind" : "remoteSourceControl",
      "location" : "https://github.com/William-Weng/WWPrint.git",
      "state" : {
        "revision" : "67b58781fca2d400202f93c27ef695805947a717",
        "version" : "1.0.1"
      }
    }
  ],
  "version" : 2
}
